
Microsoft Visual Studio Solution File, Format Version 12.00
# Visual Studio 15
VisualStudioVersion = 15.0.26430.6
MinimumVisualStudioVersion = 10.0.40219.1
Project("{FAE04EC0-301F-11D3-BF4B-00C04F79EFBC}") = "Locadora.Dominio", "Dominio\Locadora.Dominio.csproj", "{7BD1A581-7457-4331-862D-CABC2F533DB2}"
EndProject
Project("{FAE04EC0-301F-11D3-BF4B-00C04F79EFBC}") = "Locadora.Infraestrutura", "Locadora.Infraestrutura\Locadora.Infraestrutura.csproj", "{CA5A561D-A75B-47F1-99C2-BE621FC200A5}"
EndProject
Project("{FAE04EC0-301F-11D3-BF4B-00C04F79EFBC}") = "Locadora.WebApi", "Locadora.WebApi\Locadora.WebApi.csproj", "{512C21AB-0D6E-4C54-B1D4-2C9BB497EEF8}"
EndProject
Project("{FAE04EC0-301F-11D3-BF4B-00C04F79EFBC}") = "Locadora.Testes", "Locadora.Testes\Locadora.Testes.csproj", "{C68FBE15-A163-4ECB-AC20-63156D6D4100}"
EndProject
Global
	GlobalSection(SolutionConfigurationPlatforms) = preSolution
		Debug|Any CPU = Debug|Any CPU
		Release|Any CPU = Release|Any CPU
	EndGlobalSection
	GlobalSection(ProjectConfigurationPlatforms) = postSolution
		{7BD1A581-7457-4331-862D-CABC2F533DB2}.Debug|Any CPU.ActiveCfg = Debug|Any CPU
		{7BD1A581-7457-4331-862D-CABC2F533DB2}.Debug|Any CPU.Build.0 = Debug|Any CPU
		{7BD1A581-7457-4331-862D-CABC2F533DB2}.Release|Any CPU.ActiveCfg = Release|Any CPU
		{7BD1A581-7457-4331-862D-CABC2F533DB2}.Release|Any CPU.Build.0 = Release|Any CPU
		{CA5A561D-A75B-47F1-99C2-BE621FC200A5}.Debug|Any CPU.ActiveCfg = Debug|Any CPU
		{CA5A561D-A75B-47F1-99C2-BE621FC200A5}.Debug|Any CPU.Build.0 = Debug|Any CPU
		{CA5A561D-A75B-47F1-99C2-BE621FC200A5}.Release|Any CPU.ActiveCfg = Release|Any CPU
		{CA5A561D-A75B-47F1-99C2-BE621FC200A5}.Release|Any CPU.Build.0 = Release|Any CPU
		{512C21AB-0D6E-4C54-B1D4-2C9BB497EEF8}.Debug|Any CPU.ActiveCfg = Debug|Any CPU
		{512C21AB-0D6E-4C54-B1D4-2C9BB497EEF8}.Debug|Any CPU.Build.0 = Debug|Any CPU
		{512C21AB-0D6E-4C54-B1D4-2C9BB497EEF8}.Release|Any CPU.ActiveCfg = Release|Any CPU
		{512C21AB-0D6E-4C54-B1D4-2C9BB497EEF8}.Release|Any CPU.Build.0 = Release|Any CPU
		{C68FBE15-A163-4ECB-AC20-63156D6D4100}.Debug|Any CPU.ActiveCfg = Debug|Any CPU
		{C68FBE15-A163-4ECB-AC20-63156D6D4100}.Debug|Any CPU.Build.0 = Debug|Any CPU
		{C68FBE15-A163-4ECB-AC20-63156D6D4100}.Release|Any CPU.ActiveCfg = Release|Any CPU
		{C68FBE15-A163-4ECB-AC20-63156D6D4100}.Release|Any CPU.Build.0 = Release|Any CPU
	EndGlobalSection
	GlobalSection(SolutionProperties) = preSolution
		HideSolutionNode = FALSE
	EndGlobalSection
EndGlobal
